<?xml version="1.0" encoding="utf-8"?>
<Project ToolsVersion="4.0" xmlns="http://schemas.microsoft.com/developer/msbuild/2003">
  <ItemGroup>
    <ClCompile Include="include\Demo\Tile.cpp" />
    <ClCompile Include="include\Demo\TileSpawner.cpp" />
    <ClCompile Include="main.cpp" />
    <ClCompile Include="Scenes\A_DTS\DTScene.cpp" />
    <ClCompile Include="Scenes\Demo\DemoScene.cpp" />
    <ClCompile Include="Scenes\TDS\TDS.cpp" />
    <ClCompile Include="Scenes\TETRIS_Nolan\Tetris.cpp" />
    <ClCompile Include="Scenes\Tetris-Mahres\Tetris.cpp" />
    <ClCompile Include="Scenes\Bullet-L\BulletHell-M.cpp" />
  </ItemGroup>
  <ItemGroup>
    <ClInclude Include="include\TDS\Background.h" />
    <ClInclude Include="include\A_DTS\PlayerDTS.h" />
    <ClInclude Include="include\A_DTS\ProjectilesDTS.h" />
    <ClInclude Include="include\Demo\Tile.h" />
    <ClInclude Include="include\TDS\Enemy.h" />
    <ClInclude Include="include\TDS\Health.h" />
    <ClInclude Include="include\TDS\Player.h" />
    <ClInclude Include="include\TDS\Projectile.h" />
    <ClInclude Include="include\TETRIS_Nolan\TetrisGame.h" />
    <ClInclude Include="Scenes\A_DTS\DTScene.h" />
    <ClInclude Include="include\A_DTS\DTSMap.h" />
    <ClInclude Include="Scenes\A_DTS\DTSMap.h" />
    <ClInclude Include="include\Demo\TileSpawner.h" />
    <ClInclude Include="Scenes\Demo\DemoScene.h" />
    <ClInclude Include="Scenes\TDS\TDS.h" />
    <ClInclude Include="Scenes\TETRIS_Nolan\Tetris.h" />
    <ClInclude Include="include\Tetris-Mahres\PlayerTetris.h" />
    <ClInclude Include="Scenes\Tetris-Mahres\Tetris.h" />
    <ClInclude Include="include\Bullet-L\PlayerBulletHell.h" />
    <ClInclude Include="include\Bullet-L\Bullets.h" />
    <ClInclude Include="Scenes\Bullet-L\BulletHell-M.h" />
    <ClInclude Include="include\Bullet-L\OppsTank.h" />
    <ClInclude Include="include\Bullet-L\Life.h" />
  </ItemGroup>
</Project>